// !$*UTF8*$!
{
	archiveVersion = 1;
	classes = {
	};
	objectVersion = 46;
	objects = {

/* Begin PBXBuildFile section */
		1258434C1DC17CF8006B5F08 /* ListingsAdvancedSearchView.swift in Sources */ = {isa = PBXBuildFile; fileRef = 1258434B1DC17CF8006B5F08 /* ListingsAdvancedSearchView.swift */; };
		129C2E991DAB1BFF00129143 /* Item.swift in Sources */ = {isa = PBXBuildFile; fileRef = 129C2E981DAB1BFF00129143 /* Item.swift */; };
		347AC2F21D98AC050073E949 /* AccountLoginViewController.swift in Sources */ = {isa = PBXBuildFile; fileRef = 347AC2F01D98AC050073E949 /* AccountLoginViewController.swift */; };
		380F60881D87438C0014D5B0 /* SellingTabTableViewController.swift in Sources */ = {isa = PBXBuildFile; fileRef = 380F60871D87438C0014D5B0 /* SellingTabTableViewController.swift */; };
		381C21AA1D8D125500657D9D /* Assets.xcassets in Resources */ = {isa = PBXBuildFile; fileRef = 381C21A91D8D125500657D9D /* Assets.xcassets */; };
		381CDC511D97D91500AA54DB /* NewListingTableViewController.swift in Sources */ = {isa = PBXBuildFile; fileRef = 381CDC501D97D91500AA54DB /* NewListingTableViewController.swift */; };
		3832CC521D98677300536451 /* AddPriceViewController.swift in Sources */ = {isa = PBXBuildFile; fileRef = 3832CC511D98677300536451 /* AddPriceViewController.swift */; };
		384810B41D83984400830C95 /* AppDelegate.swift in Sources */ = {isa = PBXBuildFile; fileRef = 384810B31D83984400830C95 /* AppDelegate.swift */; };
		384810B91D83984400830C95 /* Main.storyboard in Resources */ = {isa = PBXBuildFile; fileRef = 384810B71D83984400830C95 /* Main.storyboard */; };
		384810BE1D83984400830C95 /* LaunchScreen.storyboard in Resources */ = {isa = PBXBuildFile; fileRef = 384810BC1D83984400830C95 /* LaunchScreen.storyboard */; };
		384810CB1D84EC0700830C95 /* ListingsTableViewController.swift in Sources */ = {isa = PBXBuildFile; fileRef = 384810CA1D84EC0700830C95 /* ListingsTableViewController.swift */; };
		384810CE1D84F4AB00830C95 /* ListingsTableViewCell.swift in Sources */ = {isa = PBXBuildFile; fileRef = 384810CD1D84F4AB00830C95 /* ListingsTableViewCell.swift */; };
		3874187A1D8A8390009F6EFD /* AddItemForSaleViewController.swift in Sources */ = {isa = PBXBuildFile; fileRef = 387418791D8A8390009F6EFD /* AddItemForSaleViewController.swift */; };
		388B46A91D8A70F200B6717E /* GoogleService-Info.plist in Resources */ = {isa = PBXBuildFile; fileRef = 388B46A81D8A70F200B6717E /* GoogleService-Info.plist */; };
		38FB5CF21D9B5CFA00361CB6 /* AddTitleViewController.swift in Sources */ = {isa = PBXBuildFile; fileRef = 38FB5CF11D9B5CFA00361CB6 /* AddTitleViewController.swift */; };
		38FB5CF41D9B70D400361CB6 /* AddTagsViewController.swift in Sources */ = {isa = PBXBuildFile; fileRef = 38FB5CF31D9B70D400361CB6 /* AddTagsViewController.swift */; };
		38FB5CF61D9B722A00361CB6 /* AddDescriptionViewController.swift in Sources */ = {isa = PBXBuildFile; fileRef = 38FB5CF51D9B722A00361CB6 /* AddDescriptionViewController.swift */; };
		38FB5CF81D9B7ED200361CB6 /* AccountCreateNameViewController.swift in Sources */ = {isa = PBXBuildFile; fileRef = 38FB5CF71D9B7ED200361CB6 /* AccountCreateNameViewController.swift */; };
		38FB5CFA1D9B913200361CB6 /* AccountNotLoggedInViewController.swift in Sources */ = {isa = PBXBuildFile; fileRef = 38FB5CF91D9B913200361CB6 /* AccountNotLoggedInViewController.swift */; };
		38FB5CFC1D9B93DA00361CB6 /* AccountCreateEmailAndPWViewController.swift in Sources */ = {isa = PBXBuildFile; fileRef = 38FB5CFB1D9B93DA00361CB6 /* AccountCreateEmailAndPWViewController.swift */; };
		38FB5CFE1D9B97A400361CB6 /* AccountCreateHubViewController.swift in Sources */ = {isa = PBXBuildFile; fileRef = 38FB5CFD1D9B97A400361CB6 /* AccountCreateHubViewController.swift */; };
		38FB5D001D9BBD4F00361CB6 /* TabBarController.swift in Sources */ = {isa = PBXBuildFile; fileRef = 38FB5CFF1D9BBD4F00361CB6 /* TabBarController.swift */; };
		5B0BE399A6B57513D8571D18 /* Pods_Markit.framework in Frameworks */ = {isa = PBXBuildFile; fileRef = D14839011C015C617372EE7F /* Pods_Markit.framework */; };
/* End PBXBuildFile section */

/* Begin PBXFileReference section */
		1258434B1DC17CF8006B5F08 /* ListingsAdvancedSearchView.swift */ = {isa = PBXFileReference; fileEncoding = 4; lastKnownFileType = sourcecode.swift; path = ListingsAdvancedSearchView.swift; sourceTree = "<group>"; };
		129C2E981DAB1BFF00129143 /* Item.swift */ = {isa = PBXFileReference; fileEncoding = 4; lastKnownFileType = sourcecode.swift; path = Item.swift; sourceTree = "<group>"; };
		286797EA23F5E049B25082E0 /* Pods-Markit.release.xcconfig */ = {isa = PBXFileReference; includeInIndex = 1; lastKnownFileType = text.xcconfig; name = "Pods-Markit.release.xcconfig"; path = "Pods/Target Support Files/Pods-Markit/Pods-Markit.release.xcconfig"; sourceTree = "<group>"; };
		345593551D98B24E00B82721 /* Markit.entitlements */ = {isa = PBXFileReference; lastKnownFileType = text.plist.entitlements; path = Markit.entitlements; sourceTree = "<group>"; };
		347AC2F01D98AC050073E949 /* AccountLoginViewController.swift */ = {isa = PBXFileReference; fileEncoding = 4; lastKnownFileType = sourcecode.swift; path = AccountLoginViewController.swift; sourceTree = "<group>"; };
		380F60871D87438C0014D5B0 /* SellingTabTableViewController.swift */ = {isa = PBXFileReference; fileEncoding = 4; lastKnownFileType = sourcecode.swift; path = SellingTabTableViewController.swift; sourceTree = "<group>"; };
		381C21A91D8D125500657D9D /* Assets.xcassets */ = {isa = PBXFileReference; lastKnownFileType = folder.assetcatalog; path = Assets.xcassets; sourceTree = "<group>"; };
		381CDC501D97D91500AA54DB /* NewListingTableViewController.swift */ = {isa = PBXFileReference; fileEncoding = 4; lastKnownFileType = sourcecode.swift; path = NewListingTableViewController.swift; sourceTree = "<group>"; };
		3832CC511D98677300536451 /* AddPriceViewController.swift */ = {isa = PBXFileReference; fileEncoding = 4; lastKnownFileType = sourcecode.swift; path = AddPriceViewController.swift; sourceTree = "<group>"; };
		384810B01D83984400830C95 /* Markit.app */ = {isa = PBXFileReference; explicitFileType = wrapper.application; includeInIndex = 0; path = Markit.app; sourceTree = BUILT_PRODUCTS_DIR; };
		384810B31D83984400830C95 /* AppDelegate.swift */ = {isa = PBXFileReference; lastKnownFileType = sourcecode.swift; path = AppDelegate.swift; sourceTree = "<group>"; };
		384810B81D83984400830C95 /* Base */ = {isa = PBXFileReference; lastKnownFileType = file.storyboard; name = Base; path = Base.lproj/Main.storyboard; sourceTree = "<group>"; };
		384810BD1D83984400830C95 /* Base */ = {isa = PBXFileReference; lastKnownFileType = file.storyboard; name = Base; path = Base.lproj/LaunchScreen.storyboard; sourceTree = "<group>"; };
		384810BF1D83984400830C95 /* Info.plist */ = {isa = PBXFileReference; lastKnownFileType = text.plist.xml; path = Info.plist; sourceTree = "<group>"; };
		384810CA1D84EC0700830C95 /* ListingsTableViewController.swift */ = {isa = PBXFileReference; fileEncoding = 4; lastKnownFileType = sourcecode.swift; path = ListingsTableViewController.swift; sourceTree = "<group>"; };
		384810CD1D84F4AB00830C95 /* ListingsTableViewCell.swift */ = {isa = PBXFileReference; fileEncoding = 4; lastKnownFileType = sourcecode.swift; path = ListingsTableViewCell.swift; sourceTree = "<group>"; };
		387418791D8A8390009F6EFD /* AddItemForSaleViewController.swift */ = {isa = PBXFileReference; fileEncoding = 4; lastKnownFileType = sourcecode.swift; path = AddItemForSaleViewController.swift; sourceTree = "<group>"; };
		388B46A81D8A70F200B6717E /* GoogleService-Info.plist */ = {isa = PBXFileReference; fileEncoding = 4; lastKnownFileType = text.plist.xml; path = "GoogleService-Info.plist"; sourceTree = "<group>"; };
		38FB5CF11D9B5CFA00361CB6 /* AddTitleViewController.swift */ = {isa = PBXFileReference; fileEncoding = 4; lastKnownFileType = sourcecode.swift; path = AddTitleViewController.swift; sourceTree = "<group>"; };
		38FB5CF31D9B70D400361CB6 /* AddTagsViewController.swift */ = {isa = PBXFileReference; fileEncoding = 4; lastKnownFileType = sourcecode.swift; path = AddTagsViewController.swift; sourceTree = "<group>"; };
		38FB5CF51D9B722A00361CB6 /* AddDescriptionViewController.swift */ = {isa = PBXFileReference; fileEncoding = 4; lastKnownFileType = sourcecode.swift; path = AddDescriptionViewController.swift; sourceTree = "<group>"; };
		38FB5CF71D9B7ED200361CB6 /* AccountCreateNameViewController.swift */ = {isa = PBXFileReference; fileEncoding = 4; lastKnownFileType = sourcecode.swift; path = AccountCreateNameViewController.swift; sourceTree = "<group>"; };
		38FB5CF91D9B913200361CB6 /* AccountNotLoggedInViewController.swift */ = {isa = PBXFileReference; fileEncoding = 4; lastKnownFileType = sourcecode.swift; path = AccountNotLoggedInViewController.swift; sourceTree = "<group>"; };
		38FB5CFB1D9B93DA00361CB6 /* AccountCreateEmailAndPWViewController.swift */ = {isa = PBXFileReference; fileEncoding = 4; lastKnownFileType = sourcecode.swift; path = AccountCreateEmailAndPWViewController.swift; sourceTree = "<group>"; };
		38FB5CFD1D9B97A400361CB6 /* AccountCreateHubViewController.swift */ = {isa = PBXFileReference; fileEncoding = 4; lastKnownFileType = sourcecode.swift; path = AccountCreateHubViewController.swift; sourceTree = "<group>"; };
		38FB5CFF1D9BBD4F00361CB6 /* TabBarController.swift */ = {isa = PBXFileReference; fileEncoding = 4; lastKnownFileType = sourcecode.swift; path = TabBarController.swift; sourceTree = "<group>"; };
		5BDB8040AE7D03131D3DC174 /* Pods-Markit.debug.xcconfig */ = {isa = PBXFileReference; includeInIndex = 1; lastKnownFileType = text.xcconfig; name = "Pods-Markit.debug.xcconfig"; path = "Pods/Target Support Files/Pods-Markit/Pods-Markit.debug.xcconfig"; sourceTree = "<group>"; };
		D14839011C015C617372EE7F /* Pods_Markit.framework */ = {isa = PBXFileReference; explicitFileType = wrapper.framework; includeInIndex = 0; path = Pods_Markit.framework; sourceTree = BUILT_PRODUCTS_DIR; };
/* End PBXFileReference section */

/* Begin PBXFrameworksBuildPhase section */
		384810AD1D83984400830C95 /* Frameworks */ = {
			isa = PBXFrameworksBuildPhase;
			buildActionMask = 2147483647;
			files = (
				5B0BE399A6B57513D8571D18 /* Pods_Markit.framework in Frameworks */,
			);
			runOnlyForDeploymentPostprocessing = 0;
		};
/* End PBXFrameworksBuildPhase section */

/* Begin PBXGroup section */
		384810A71D83984400830C95 = {
			isa = PBXGroup;
			children = (
				384810B21D83984400830C95 /* Markit */,
				384810B11D83984400830C95 /* Products */,
				B7348C6D9D9DD9181F2EC209 /* Pods */,
				B7FA343ECE81E67837A175CC /* Frameworks */,
			);
			sourceTree = "<group>";
		};
		384810B11D83984400830C95 /* Products */ = {
			isa = PBXGroup;
			children = (
				384810B01D83984400830C95 /* Markit.app */,
			);
			name = Products;
			sourceTree = "<group>";
		};
		384810B21D83984400830C95 /* Markit */ = {
			isa = PBXGroup;
			children = (
				345593551D98B24E00B82721 /* Markit.entitlements */,
				384810CC1D84F49B00830C95 /* View */,
				384810C51D83B9E600830C95 /* Controller */,
				384810B31D83984400830C95 /* AppDelegate.swift */,
				129C2E981DAB1BFF00129143 /* Item.swift */,
				381C21A91D8D125500657D9D /* Assets.xcassets */,
				384810B71D83984400830C95 /* Main.storyboard */,
				384810BC1D83984400830C95 /* LaunchScreen.storyboard */,
				388B46A81D8A70F200B6717E /* GoogleService-Info.plist */,
				384810BF1D83984400830C95 /* Info.plist */,
			);
			path = Markit;
			sourceTree = "<group>";
		};
		384810C51D83B9E600830C95 /* Controller */ = {
			isa = PBXGroup;
			children = (
				384810CA1D84EC0700830C95 /* ListingsTableViewController.swift */,
				380F60871D87438C0014D5B0 /* SellingTabTableViewController.swift */,
				387418791D8A8390009F6EFD /* AddItemForSaleViewController.swift */,
				381CDC501D97D91500AA54DB /* NewListingTableViewController.swift */,
				3832CC511D98677300536451 /* AddPriceViewController.swift */,
				38FB5CF11D9B5CFA00361CB6 /* AddTitleViewController.swift */,
				38FB5CF31D9B70D400361CB6 /* AddTagsViewController.swift */,
				38FB5CF51D9B722A00361CB6 /* AddDescriptionViewController.swift */,
				347AC2F01D98AC050073E949 /* AccountLoginViewController.swift */,
				38FB5CF91D9B913200361CB6 /* AccountNotLoggedInViewController.swift */,
				38FB5CF71D9B7ED200361CB6 /* AccountCreateNameViewController.swift */,
				38FB5CFB1D9B93DA00361CB6 /* AccountCreateEmailAndPWViewController.swift */,
				38FB5CFD1D9B97A400361CB6 /* AccountCreateHubViewController.swift */,
				38FB5CFF1D9BBD4F00361CB6 /* TabBarController.swift */,
			);
			name = Controller;
			sourceTree = "<group>";
		};
		384810CC1D84F49B00830C95 /* View */ = {
			isa = PBXGroup;
			children = (
				384810CD1D84F4AB00830C95 /* ListingsTableViewCell.swift */,
				1258434B1DC17CF8006B5F08 /* ListingsAdvancedSearchView.swift */,
			);
			name = View;
			sourceTree = "<group>";
		};
		B7348C6D9D9DD9181F2EC209 /* Pods */ = {
			isa = PBXGroup;
			children = (
				5BDB8040AE7D03131D3DC174 /* Pods-Markit.debug.xcconfig */,
				286797EA23F5E049B25082E0 /* Pods-Markit.release.xcconfig */,
			);
			name = Pods;
			sourceTree = "<group>";
		};
		B7FA343ECE81E67837A175CC /* Frameworks */ = {
			isa = PBXGroup;
			children = (
				D14839011C015C617372EE7F /* Pods_Markit.framework */,
			);
			name = Frameworks;
			sourceTree = "<group>";
		};
/* End PBXGroup section */

/* Begin PBXNativeTarget section */
		384810AF1D83984400830C95 /* Markit */ = {
			isa = PBXNativeTarget;
			buildConfigurationList = 384810C21D83984400830C95 /* Build configuration list for PBXNativeTarget "Markit" */;
			buildPhases = (
				54B14CDD226E4915BEB8A4ED /* [CP] Check Pods Manifest.lock */,
				384810AC1D83984400830C95 /* Sources */,
				384810AD1D83984400830C95 /* Frameworks */,
				384810AE1D83984400830C95 /* Resources */,
				F10B877D5CEA7EA86F437C6A /* [CP] Embed Pods Frameworks */,
				045D323420EFAFE99CC66390 /* [CP] Copy Pods Resources */,
			);
			buildRules = (
			);
			dependencies = (
			);
			name = Markit;
			productName = Markit;
			productReference = 384810B01D83984400830C95 /* Markit.app */;
			productType = "com.apple.product-type.application";
		};
/* End PBXNativeTarget section */

/* Begin PBXProject section */
		384810A81D83984400830C95 /* Project object */ = {
			isa = PBXProject;
			attributes = {
				LastSwiftUpdateCheck = 0800;
				LastUpgradeCheck = 0800;
				ORGANIZATIONNAME = "Victor Frolov";
				TargetAttributes = {
					384810AF1D83984400830C95 = {
						CreatedOnToolsVersion = 8.0;
						DevelopmentTeam = WZGKH83WEV;
						ProvisioningStyle = Automatic;
						SystemCapabilities = {
							com.apple.Keychain = {
								enabled = 1;
							};
						};
					};
				};
			};
			buildConfigurationList = 384810AB1D83984400830C95 /* Build configuration list for PBXProject "Markit" */;
			compatibilityVersion = "Xcode 3.2";
			developmentRegion = English;
			hasScannedForEncodings = 0;
			knownRegions = (
				en,
				Base,
			);
			mainGroup = 384810A71D83984400830C95;
			productRefGroup = 384810B11D83984400830C95 /* Products */;
			projectDirPath = "";
			projectRoot = "";
			targets = (
				384810AF1D83984400830C95 /* Markit */,
			);
		};
/* End PBXProject section */

/* Begin PBXResourcesBuildPhase section */
		384810AE1D83984400830C95 /* Resources */ = {
			isa = PBXResourcesBuildPhase;
			buildActionMask = 2147483647;
			files = (
				384810BE1D83984400830C95 /* LaunchScreen.storyboard in Resources */,
				388B46A91D8A70F200B6717E /* GoogleService-Info.plist in Resources */,
				381C21AA1D8D125500657D9D /* Assets.xcassets in Resources */,
				384810B91D83984400830C95 /* Main.storyboard in Resources */,
			);
			runOnlyForDeploymentPostprocessing = 0;
		};
/* End PBXResourcesBuildPhase section */

/* Begin PBXShellScriptBuildPhase section */
		045D323420EFAFE99CC66390 /* [CP] Copy Pods Resources */ = {
			isa = PBXShellScriptBuildPhase;
			buildActionMask = 2147483647;
			files = (
			);
			inputPaths = (
			);
			name = "[CP] Copy Pods Resources";
			outputPaths = (
			);
			runOnlyForDeploymentPostprocessing = 0;
			shellPath = /bin/sh;
			shellScript = "\"${SRCROOT}/Pods/Target Support Files/Pods-Markit/Pods-Markit-resources.sh\"\n";
			showEnvVarsInLog = 0;
		};
		54B14CDD226E4915BEB8A4ED /* [CP] Check Pods Manifest.lock */ = {
			isa = PBXShellScriptBuildPhase;
			buildActionMask = 2147483647;
			files = (
			);
			inputPaths = (
			);
			name = "[CP] Check Pods Manifest.lock";
			outputPaths = (
			);
			runOnlyForDeploymentPostprocessing = 0;
			shellPath = /bin/sh;
			shellScript = "diff \"${PODS_ROOT}/../Podfile.lock\" \"${PODS_ROOT}/Manifest.lock\" > /dev/null\nif [ $? != 0 ] ; then\n    # print error to STDERR\n    echo \"error: The sandbox is not in sync with the Podfile.lock. Run 'pod install' or update your CocoaPods installation.\" >&2\n    exit 1\nfi\n";
			showEnvVarsInLog = 0;
		};
		F10B877D5CEA7EA86F437C6A /* [CP] Embed Pods Frameworks */ = {
			isa = PBXShellScriptBuildPhase;
			buildActionMask = 2147483647;
			files = (
			);
			inputPaths = (
			);
			name = "[CP] Embed Pods Frameworks";
			outputPaths = (
			);
			runOnlyForDeploymentPostprocessing = 0;
			shellPath = /bin/sh;
			shellScript = "\"${SRCROOT}/Pods/Target Support Files/Pods-Markit/Pods-Markit-frameworks.sh\"\n";
			showEnvVarsInLog = 0;
		};
/* End PBXShellScriptBuildPhase section */

/* Begin PBXSourcesBuildPhase section */
		384810AC1D83984400830C95 /* Sources */ = {
			isa = PBXSourcesBuildPhase;
			buildActionMask = 2147483647;
			files = (
				347AC2F21D98AC050073E949 /* AccountLoginViewController.swift in Sources */,
				384810CB1D84EC0700830C95 /* ListingsTableViewController.swift in Sources */,
				129C2E991DAB1BFF00129143 /* Item.swift in Sources */,
				38FB5CFC1D9B93DA00361CB6 /* AccountCreateEmailAndPWViewController.swift in Sources */,
				3874187A1D8A8390009F6EFD /* AddItemForSaleViewController.swift in Sources */,
				3832CC521D98677300536451 /* AddPriceViewController.swift in Sources */,
				38FB5D001D9BBD4F00361CB6 /* TabBarController.swift in Sources */,
				38FB5CF81D9B7ED200361CB6 /* AccountCreateNameViewController.swift in Sources */,
				38FB5CF61D9B722A00361CB6 /* AddDescriptionViewController.swift in Sources */,
				381CDC511D97D91500AA54DB /* NewListingTableViewController.swift in Sources */,
				38FB5CF41D9B70D400361CB6 /* AddTagsViewController.swift in Sources */,
				384810B41D83984400830C95 /* AppDelegate.swift in Sources */,
				38FB5CF21D9B5CFA00361CB6 /* AddTitleViewController.swift in Sources */,
				380F60881D87438C0014D5B0 /* SellingTabTableViewController.swift in Sources */,
				384810CE1D84F4AB00830C95 /* ListingsTableViewCell.swift in Sources */,
				38FB5CFE1D9B97A400361CB6 /* AccountCreateHubViewController.swift in Sources */,
				38FB5CFA1D9B913200361CB6 /* AccountNotLoggedInViewController.swift in Sources */,
				1258434C1DC17CF8006B5F08 /* ListingsAdvancedSearchView.swift in Sources */,
			);
			runOnlyForDeploymentPostprocessing = 0;
		};
/* End PBXSourcesBuildPhase section */

/* Begin PBXVariantGroup section */
		384810B71D83984400830C95 /* Main.storyboard */ = {
			isa = PBXVariantGroup;
			children = (
				384810B81D83984400830C95 /* Base */,
			);
			name = Main.storyboard;
			sourceTree = "<group>";
		};
		384810BC1D83984400830C95 /* LaunchScreen.storyboard */ = {
			isa = PBXVariantGroup;
			children = (
				384810BD1D83984400830C95 /* Base */,
			);
			name = LaunchScreen.storyboard;
			sourceTree = "<group>";
		};
/* End PBXVariantGroup section */

/* Begin XCBuildConfiguration section */
		384810C01D83984400830C95 /* Debug */ = {
			isa = XCBuildConfiguration;
			buildSettings = {
				ALWAYS_SEARCH_USER_PATHS = NO;
				CLANG_ANALYZER_NONNULL = YES;
				CLANG_CXX_LANGUAGE_STANDARD = "gnu++0x";
				CLANG_CXX_LIBRARY = "libc++";
				CLANG_ENABLE_MODULES = YES;
				CLANG_ENABLE_OBJC_ARC = YES;
				CLANG_WARN_BOOL_CONVERSION = YES;
				CLANG_WARN_CONSTANT_CONVERSION = YES;
				CLANG_WARN_DIRECT_OBJC_ISA_USAGE = YES_ERROR;
				CLANG_WARN_DOCUMENTATION_COMMENTS = YES;
				CLANG_WARN_EMPTY_BODY = YES;
				CLANG_WARN_ENUM_CONVERSION = YES;
				CLANG_WARN_INFINITE_RECURSION = YES;
				CLANG_WARN_INT_CONVERSION = YES;
				CLANG_WARN_OBJC_ROOT_CLASS = YES_ERROR;
				CLANG_WARN_SUSPICIOUS_MOVE = YES;
				CLANG_WARN_SUSPICIOUS_MOVES = YES;
				CLANG_WARN_UNREACHABLE_CODE = YES;
				CLANG_WARN__DUPLICATE_METHOD_MATCH = YES;
				"CODE_SIGN_IDENTITY[sdk=iphoneos*]" = "iPhone Developer";
				COPY_PHASE_STRIP = NO;
				DEBUG_INFORMATION_FORMAT = dwarf;
				ENABLE_STRICT_OBJC_MSGSEND = YES;
				ENABLE_TESTABILITY = YES;
				GCC_C_LANGUAGE_STANDARD = gnu99;
				GCC_DYNAMIC_NO_PIC = NO;
				GCC_NO_COMMON_BLOCKS = YES;
				GCC_OPTIMIZATION_LEVEL = 0;
				GCC_PREPROCESSOR_DEFINITIONS = (
					"DEBUG=1",
					"$(inherited)",
				);
				GCC_WARN_64_TO_32_BIT_CONVERSION = YES;
				GCC_WARN_ABOUT_RETURN_TYPE = YES_ERROR;
				GCC_WARN_UNDECLARED_SELECTOR = YES;
				GCC_WARN_UNINITIALIZED_AUTOS = YES_AGGRESSIVE;
				GCC_WARN_UNUSED_FUNCTION = YES;
				GCC_WARN_UNUSED_VARIABLE = YES;
				IPHONEOS_DEPLOYMENT_TARGET = 10.0;
				MTL_ENABLE_DEBUG_INFO = YES;
				ONLY_ACTIVE_ARCH = YES;
				SDKROOT = iphoneos;
				SWIFT_ACTIVE_COMPILATION_CONDITIONS = DEBUG;
				SWIFT_OPTIMIZATION_LEVEL = "-Onone";
				TARGETED_DEVICE_FAMILY = "1,2";
			};
			name = Debug;
		};
		384810C11D83984400830C95 /* Release */ = {
			isa = XCBuildConfiguration;
			buildSettings = {
				ALWAYS_SEARCH_USER_PATHS = NO;
				CLANG_ANALYZER_NONNULL = YES;
				CLANG_CXX_LANGUAGE_STANDARD = "gnu++0x";
				CLANG_CXX_LIBRARY = "libc++";
				CLANG_ENABLE_MODULES = YES;
				CLANG_ENABLE_OBJC_ARC = YES;
				CLANG_WARN_BOOL_CONVERSION = YES;
				CLANG_WARN_CONSTANT_CONVERSION = YES;
				CLANG_WARN_DIRECT_OBJC_ISA_USAGE = YES_ERROR;
				CLANG_WARN_DOCUMENTATION_COMMENTS = YES;
				CLANG_WARN_EMPTY_BODY = YES;
				CLANG_WARN_ENUM_CONVERSION = YES;
				CLANG_WARN_INFINITE_RECURSION = YES;
				CLANG_WARN_INT_CONVERSION = YES;
				CLANG_WARN_OBJC_ROOT_CLASS = YES_ERROR;
				CLANG_WARN_SUSPICIOUS_MOVE = YES;
				CLANG_WARN_SUSPICIOUS_MOVES = YES;
				CLANG_WARN_UNREACHABLE_CODE = YES;
				CLANG_WARN__DUPLICATE_METHOD_MATCH = YES;
				"CODE_SIGN_IDENTITY[sdk=iphoneos*]" = "iPhone Developer";
				COPY_PHASE_STRIP = NO;
				DEBUG_INFORMATION_FORMAT = "dwarf-with-dsym";
				ENABLE_NS_ASSERTIONS = NO;
				ENABLE_STRICT_OBJC_MSGSEND = YES;
				GCC_C_LANGUAGE_STANDARD = gnu99;
				GCC_NO_COMMON_BLOCKS = YES;
				GCC_WARN_64_TO_32_BIT_CONVERSION = YES;
				GCC_WARN_ABOUT_RETURN_TYPE = YES_ERROR;
				GCC_WARN_UNDECLARED_SELECTOR = YES;
				GCC_WARN_UNINITIALIZED_AUTOS = YES_AGGRESSIVE;
				GCC_WARN_UNUSED_FUNCTION = YES;
				GCC_WARN_UNUSED_VARIABLE = YES;
				IPHONEOS_DEPLOYMENT_TARGET = 10.0;
				MTL_ENABLE_DEBUG_INFO = NO;
				SDKROOT = iphoneos;
				SWIFT_OPTIMIZATION_LEVEL = "-Owholemodule";
				TARGETED_DEVICE_FAMILY = "1,2";
				VALIDATE_PRODUCT = YES;
			};
			name = Release;
		};
		384810C31D83984400830C95 /* Debug */ = {
			isa = XCBuildConfiguration;
			baseConfigurationReference = 5BDB8040AE7D03131D3DC174 /* Pods-Markit.debug.xcconfig */;
			buildSettings = {
				ALWAYS_EMBED_SWIFT_STANDARD_LIBRARIES = YES;
				ASSETCATALOG_COMPILER_APPICON_NAME = AppIcon;
				CODE_SIGN_ENTITLEMENTS = Markit/Markit.entitlements;
				DEVELOPMENT_TEAM = WZGKH83WEV;
				FRAMEWORK_SEARCH_PATHS = (
					"$(inherited)",
					"$(PROJECT_DIR)/Frameworks",
				);
				INFOPLIST_FILE = Markit/Info.plist;
				LD_RUNPATH_SEARCH_PATHS = "$(inherited) @executable_path/Frameworks";
				PRODUCT_BUNDLE_IDENTIFIER = com.BlindfoldProd.Markit;
				PRODUCT_NAME = "$(TARGET_NAME)";
				SWIFT_VERSION = 3.0;
			};
			name = Debug;
		};
		384810C41D83984400830C95 /* Release */ = {
			isa = XCBuildConfiguration;
			baseConfigurationReference = 286797EA23F5E049B25082E0 /* Pods-Markit.release.xcconfig */;
			buildSettings = {
				ALWAYS_EMBED_SWIFT_STANDARD_LIBRARIES = YES;
				ASSETCATALOG_COMPILER_APPICON_NAME = AppIcon;
				CODE_SIGN_ENTITLEMENTS = Markit/Markit.entitlements;
				DEVELOPMENT_TEAM = WZGKH83WEV;
				FRAMEWORK_SEARCH_PATHS = (
					"$(inherited)",
					"$(PROJECT_DIR)/Frameworks",
				);
				INFOPLIST_FILE = Markit/Info.plist;
				LD_RUNPATH_SEARCH_PATHS = "$(inherited) @executable_path/Frameworks";
				PRODUCT_BUNDLE_IDENTIFIER = com.BlindfoldProd.Markit;
				PRODUCT_NAME = "$(TARGET_NAME)";
				SWIFT_VERSION = 3.0;
			};
			name = Release;
		};
/* End XCBuildConfiguration section */

/* Begin XCConfigurationList section */
		384810AB1D83984400830C95 /* Build configuration list for PBXProject "Markit" */ = {
			isa = XCConfigurationList;
			buildConfigurations = (
				384810C01D83984400830C95 /* Debug */,
				384810C11D83984400830C95 /* Release */,
			);
			defaultConfigurationIsVisible = 0;
			defaultConfigurationName = Release;
		};
		384810C21D83984400830C95 /* Build configuration list for PBXNativeTarget "Markit" */ = {
			isa = XCConfigurationList;
			buildConfigurations = (
				384810C31D83984400830C95 /* Debug */,
				384810C41D83984400830C95 /* Release */,
			);
			defaultConfigurationIsVisible = 0;
			defaultConfigurationName = Release;
		};
/* End XCConfigurationList section */
	};
	rootObject = 384810A81D83984400830C95 /* Project object */;
}
